
Microsoft Visual Studio Solution File, Format Version 12.00
# Visual Studio Version 17
VisualStudioVersion = 17.10.35027.167
MinimumVisualStudioVersion = 10.0.40219.1
Project("{FAE04EC0-301F-11D3-BF4B-00C04F79EFBC}") = "SocialMedia.Business", "SocialMedia.Business\SocialMedia.Business.csproj", "{8D2564A6-E5B7-49C8-A0D0-A51E7AC36F8E}"
EndProject
Project("{FAE04EC0-301F-11D3-BF4B-00C04F79EFBC}") = "SocialMedia.Core", "SocialMedia.Core\SocialMedia.Core.csproj", "{90CE8B22-4EAA-4ECE-AE6A-7D13CCED3A6F}"
EndProject
Project("{FAE04EC0-301F-11D3-BF4B-00C04F79EFBC}") = "SocialMedia.DataAccess", "SocialMedia.DataAccess\SocialMedia.DataAccess.csproj", "{10B14560-6B2A-4FE8-B162-5804D404C928}"
EndProject
Project("{FAE04EC0-301F-11D3-BF4B-00C04F79EFBC}") = "SocialMedia.Entities", "SocialMedia.Entities\SocialMedia.Entities.csproj", "{F345BEFD-6092-437B-8C19-8A2B808BE15E}"
EndProject
Project("{FAE04EC0-301F-11D3-BF4B-00C04F79EFBC}") = "SocialMedia.WebUI", "SocialMedia.WebUI\SocialMedia.WebUI.csproj", "{70FE049C-5C2B-4338-970D-E79932FD390F}"
EndProject
Global
	GlobalSection(SolutionConfigurationPlatforms) = preSolution
		Debug|Any CPU = Debug|Any CPU
		Release|Any CPU = Release|Any CPU
	EndGlobalSection
	GlobalSection(ProjectConfigurationPlatforms) = postSolution
		{8D2564A6-E5B7-49C8-A0D0-A51E7AC36F8E}.Debug|Any CPU.ActiveCfg = Debug|Any CPU
		{8D2564A6-E5B7-49C8-A0D0-A51E7AC36F8E}.Debug|Any CPU.Build.0 = Debug|Any CPU
		{8D2564A6-E5B7-49C8-A0D0-A51E7AC36F8E}.Release|Any CPU.ActiveCfg = Release|Any CPU
		{8D2564A6-E5B7-49C8-A0D0-A51E7AC36F8E}.Release|Any CPU.Build.0 = Release|Any CPU
		{90CE8B22-4EAA-4ECE-AE6A-7D13CCED3A6F}.Debug|Any CPU.ActiveCfg = Debug|Any CPU
		{90CE8B22-4EAA-4ECE-AE6A-7D13CCED3A6F}.Debug|Any CPU.Build.0 = Debug|Any CPU
		{90CE8B22-4EAA-4ECE-AE6A-7D13CCED3A6F}.Release|Any CPU.ActiveCfg = Release|Any CPU
		{90CE8B22-4EAA-4ECE-AE6A-7D13CCED3A6F}.Release|Any CPU.Build.0 = Release|Any CPU
		{10B14560-6B2A-4FE8-B162-5804D404C928}.Debug|Any CPU.ActiveCfg = Debug|Any CPU
		{10B14560-6B2A-4FE8-B162-5804D404C928}.Debug|Any CPU.Build.0 = Debug|Any CPU
		{10B14560-6B2A-4FE8-B162-5804D404C928}.Release|Any CPU.ActiveCfg = Release|Any CPU
		{10B14560-6B2A-4FE8-B162-5804D404C928}.Release|Any CPU.Build.0 = Release|Any CPU
		{F345BEFD-6092-437B-8C19-8A2B808BE15E}.Debug|Any CPU.ActiveCfg = Debug|Any CPU
		{F345BEFD-6092-437B-8C19-8A2B808BE15E}.Debug|Any CPU.Build.0 = Debug|Any CPU
		{F345BEFD-6092-437B-8C19-8A2B808BE15E}.Release|Any CPU.ActiveCfg = Release|Any CPU
		{F345BEFD-6092-437B-8C19-8A2B808BE15E}.Release|Any CPU.Build.0 = Release|Any CPU
		{70FE049C-5C2B-4338-970D-E79932FD390F}.Debug|Any CPU.ActiveCfg = Debug|Any CPU
		{70FE049C-5C2B-4338-970D-E79932FD390F}.Debug|Any CPU.Build.0 = Debug|Any CPU
		{70FE049C-5C2B-4338-970D-E79932FD390F}.Release|Any CPU.ActiveCfg = Release|Any CPU
		{70FE049C-5C2B-4338-970D-E79932FD390F}.Release|Any CPU.Build.0 = Release|Any CPU
	EndGlobalSection
	GlobalSection(SolutionProperties) = preSolution
		HideSolutionNode = FALSE
	EndGlobalSection
	GlobalSection(ExtensibilityGlobals) = postSolution
		SolutionGuid = {FF57EA99-5028-4031-BC87-C1D9144E28BC}
	EndGlobalSection
EndGlobal
